
Microsoft Visual Studio Solution File, Format Version 12.00
# Visual Studio 2015
Project("{FAE04EC0-301F-11D3-BF4B-00C04F79EFBC}") = "Introduccion.CSharp.Plugins", "Introduccion.CSharp.Plugins.csproj", "{44694576-6D06-5D4B-8BEF-FA475A7C600F}"
EndProject
Project("{FAE04EC0-301F-11D3-BF4B-00C04F79EFBC}") = "Introduccion.CSharp.Editor", "Introduccion.CSharp.Editor.csproj", "{A71429EB-FDA4-ECEB-675D-0CEFA0B5F03B}"
EndProject
Global
	GlobalSection(SolutionConfigurationPlatforms) = preSolution
		Debug|Any CPU = Debug|Any CPU
		Release|Any CPU = Release|Any CPU
	EndGlobalSection
	GlobalSection(ProjectConfigurationPlatforms) = postSolution
		{44694576-6D06-5D4B-8BEF-FA475A7C600F}.Debug|Any CPU.ActiveCfg = Debug|Any CPU
		{44694576-6D06-5D4B-8BEF-FA475A7C600F}.Debug|Any CPU.Build.0 = Debug|Any CPU
		{44694576-6D06-5D4B-8BEF-FA475A7C600F}.Release|Any CPU.ActiveCfg = Release|Any CPU
		{44694576-6D06-5D4B-8BEF-FA475A7C600F}.Release|Any CPU.Build.0 = Release|Any CPU
		{A71429EB-FDA4-ECEB-675D-0CEFA0B5F03B}.Debug|Any CPU.ActiveCfg = Debug|Any CPU
		{A71429EB-FDA4-ECEB-675D-0CEFA0B5F03B}.Debug|Any CPU.Build.0 = Debug|Any CPU
		{A71429EB-FDA4-ECEB-675D-0CEFA0B5F03B}.Release|Any CPU.ActiveCfg = Release|Any CPU
		{A71429EB-FDA4-ECEB-675D-0CEFA0B5F03B}.Release|Any CPU.Build.0 = Release|Any CPU
	EndGlobalSection
	GlobalSection(SolutionProperties) = preSolution
		HideSolutionNode = FALSE
	EndGlobalSection
EndGlobal
